
Microsoft Visual Studio Solution File, Format Version 12.00
# Visual Studio Version 16
VisualStudioVersion = 16.0.30611.23
MinimumVisualStudioVersion = 10.0.40219.1
Project("{FAE04EC0-301F-11D3-BF4B-00C04F79EFBC}") = "di-count", "di-count\di-count.csproj", "{6BB355F2-C5EC-4EB4-B20C-278042C1576C}"
EndProject
Global
	GlobalSection(SolutionConfigurationPlatforms) = preSolution
		Debug|Any CPU = Debug|Any CPU
		Release|Any CPU = Release|Any CPU
	EndGlobalSection
	GlobalSection(ProjectConfigurationPlatforms) = postSolution
		{6BB355F2-C5EC-4EB4-B20C-278042C1576C}.Debug|Any CPU.ActiveCfg = Debug|Any CPU
		{6BB355F2-C5EC-4EB4-B20C-278042C1576C}.Debug|Any CPU.Build.0 = Debug|Any CPU
		{6BB355F2-C5EC-4EB4-B20C-278042C1576C}.Release|Any CPU.ActiveCfg = Release|Any CPU
		{6BB355F2-C5EC-4EB4-B20C-278042C1576C}.Release|Any CPU.Build.0 = Release|Any CPU
	EndGlobalSection
	GlobalSection(SolutionProperties) = preSolution
		HideSolutionNode = FALSE
	EndGlobalSection
	GlobalSection(ExtensibilityGlobals) = postSolution
		SolutionGuid = {73B49955-4D2C-438A-8686-EAC52A0BEBC9}
	EndGlobalSection
EndGlobal
